// !$*UTF8*$!
{
	archiveVersion = 1;
	classes = {
	};
	objectVersion = 46;
	objects = {

/* Begin PBXBuildFile section */
		5A5631C71B16BC4C001A37A3 /* countInOut.storyboard in Resources */ = {isa = PBXBuildFile; fileRef = 5A5631C61B16BC4C001A37A3 /* countInOut.storyboard */; };
		5A5631C91B16BC63001A37A3 /* countInOut.swift in Sources */ = {isa = PBXBuildFile; fileRef = 5A5631C81B16BC63001A37A3 /* countInOut.swift */; };
		5A5631CC1B16C683001A37A3 /* CounterTImer.swift in Sources */ = {isa = PBXBuildFile; fileRef = 5A5631CB1B16C683001A37A3 /* CounterTImer.swift */; };
		5A5631CE1B16C699001A37A3 /* CounterTimer.storyboard in Resources */ = {isa = PBXBuildFile; fileRef = 5A5631CD1B16C699001A37A3 /* CounterTimer.storyboard */; };
		5A5631D11B16DDB5001A37A3 /* ShowTable.storyboard in Resources */ = {isa = PBXBuildFile; fileRef = 5A5631D01B16DDB5001A37A3 /* ShowTable.storyboard */; };
		5A5631D31B16DDC9001A37A3 /* ShowTable.swift in Sources */ = {isa = PBXBuildFile; fileRef = 5A5631D21B16DDC9001A37A3 /* ShowTable.swift */; };
		5A5631D61B16F78F001A37A3 /* Calculator.swift in Sources */ = {isa = PBXBuildFile; fileRef = 5A5631D51B16F78F001A37A3 /* Calculator.swift */; };
		5A5631DA1B16F7C3001A37A3 /* Calculator.storyboard in Resources */ = {isa = PBXBuildFile; fileRef = 5A5631D91B16F7C3001A37A3 /* Calculator.storyboard */; };
		5AC234D91B1592EC00862AF0 /* AppDelegate.swift in Sources */ = {isa = PBXBuildFile; fileRef = 5AC234D81B1592EC00862AF0 /* AppDelegate.swift */; };
		5AC234DB1B1592EC00862AF0 /* ViewController.swift in Sources */ = {isa = PBXBuildFile; fileRef = 5AC234DA1B1592EC00862AF0 /* ViewController.swift */; };
		5AC234DE1B1592EC00862AF0 /* Main.storyboard in Resources */ = {isa = PBXBuildFile; fileRef = 5AC234DC1B1592EC00862AF0 /* Main.storyboard */; };
		5AC234E01B1592EC00862AF0 /* Images.xcassets in Resources */ = {isa = PBXBuildFile; fileRef = 5AC234DF1B1592EC00862AF0 /* Images.xcassets */; };
		5AC234E31B1592EC00862AF0 /* LaunchScreen.xib in Resources */ = {isa = PBXBuildFile; fileRef = 5AC234E11B1592EC00862AF0 /* LaunchScreen.xib */; };
		5AC234EF1B1592EC00862AF0 /* AllSwiftAppsTests.swift in Sources */ = {isa = PBXBuildFile; fileRef = 5AC234EE1B1592EC00862AF0 /* AllSwiftAppsTests.swift */; };
		5AC234FB1B1595C600862AF0 /* HelloWorld.storyboard in Resources */ = {isa = PBXBuildFile; fileRef = 5AC234FA1B1595C600862AF0 /* HelloWorld.storyboard */; };
		5AC234FE1B15960300862AF0 /* HelloWorld.swift in Sources */ = {isa = PBXBuildFile; fileRef = 5AC234FD1B15960300862AF0 /* HelloWorld.swift */; };
/* End PBXBuildFile section */

/* Begin PBXContainerItemProxy section */
		5AC234E91B1592EC00862AF0 /* PBXContainerItemProxy */ = {
			isa = PBXContainerItemProxy;
			containerPortal = 5AC234CB1B1592EC00862AF0 /* Project object */;
			proxyType = 1;
			remoteGlobalIDString = 5AC234D21B1592EC00862AF0;
			remoteInfo = AllSwiftApps;
		};
/* End PBXContainerItemProxy section */

/* Begin PBXFileReference section */
		5A5631C61B16BC4C001A37A3 /* countInOut.storyboard */ = {isa = PBXFileReference; fileEncoding = 4; lastKnownFileType = file.storyboard; path = countInOut.storyboard; sourceTree = "<group>"; };
		5A5631C81B16BC63001A37A3 /* countInOut.swift */ = {isa = PBXFileReference; fileEncoding = 4; lastKnownFileType = sourcecode.swift; path = countInOut.swift; sourceTree = "<group>"; };
		5A5631CB1B16C683001A37A3 /* CounterTImer.swift */ = {isa = PBXFileReference; fileEncoding = 4; lastKnownFileType = sourcecode.swift; path = CounterTImer.swift; sourceTree = "<group>"; };
		5A5631CD1B16C699001A37A3 /* CounterTimer.storyboard */ = {isa = PBXFileReference; fileEncoding = 4; lastKnownFileType = file.storyboard; path = CounterTimer.storyboard; sourceTree = "<group>"; };
		5A5631D01B16DDB5001A37A3 /* ShowTable.storyboard */ = {isa = PBXFileReference; fileEncoding = 4; lastKnownFileType = file.storyboard; path = ShowTable.storyboard; sourceTree = "<group>"; };
		5A5631D21B16DDC9001A37A3 /* ShowTable.swift */ = {isa = PBXFileReference; fileEncoding = 4; lastKnownFileType = sourcecode.swift; path = ShowTable.swift; sourceTree = "<group>"; };
		5A5631D51B16F78F001A37A3 /* Calculator.swift */ = {isa = PBXFileReference; fileEncoding = 4; lastKnownFileType = sourcecode.swift; path = Calculator.swift; sourceTree = "<group>"; };
		5A5631D91B16F7C3001A37A3 /* Calculator.storyboard */ = {isa = PBXFileReference; fileEncoding = 4; lastKnownFileType = file.storyboard; path = Calculator.storyboard; sourceTree = "<group>"; };
		5AC234D31B1592EC00862AF0 /* AllSwiftApps.app */ = {isa = PBXFileReference; explicitFileType = wrapper.application; includeInIndex = 0; path = AllSwiftApps.app; sourceTree = BUILT_PRODUCTS_DIR; };
		5AC234D71B1592EC00862AF0 /* Info.plist */ = {isa = PBXFileReference; lastKnownFileType = text.plist.xml; path = Info.plist; sourceTree = "<group>"; };
		5AC234D81B1592EC00862AF0 /* AppDelegate.swift */ = {isa = PBXFileReference; lastKnownFileType = sourcecode.swift; path = AppDelegate.swift; sourceTree = "<group>"; };
		5AC234DA1B1592EC00862AF0 /* ViewController.swift */ = {isa = PBXFileReference; lastKnownFileType = sourcecode.swift; path = ViewController.swift; sourceTree = "<group>"; };
		5AC234DD1B1592EC00862AF0 /* Base */ = {isa = PBXFileReference; lastKnownFileType = file.storyboard; name = Base; path = Base.lproj/Main.storyboard; sourceTree = "<group>"; };
		5AC234DF1B1592EC00862AF0 /* Images.xcassets */ = {isa = PBXFileReference; lastKnownFileType = folder.assetcatalog; path = Images.xcassets; sourceTree = "<group>"; };
		5AC234E21B1592EC00862AF0 /* Base */ = {isa = PBXFileReference; lastKnownFileType = file.xib; name = Base; path = Base.lproj/LaunchScreen.xib; sourceTree = "<group>"; };
		5AC234E81B1592EC00862AF0 /* AllSwiftAppsTests.xctest */ = {isa = PBXFileReference; explicitFileType = wrapper.cfbundle; includeInIndex = 0; path = AllSwiftAppsTests.xctest; sourceTree = BUILT_PRODUCTS_DIR; };
		5AC234ED1B1592EC00862AF0 /* Info.plist */ = {isa = PBXFileReference; lastKnownFileType = text.plist.xml; path = Info.plist; sourceTree = "<group>"; };
		5AC234EE1B1592EC00862AF0 /* AllSwiftAppsTests.swift */ = {isa = PBXFileReference; lastKnownFileType = sourcecode.swift; path = AllSwiftAppsTests.swift; sourceTree = "<group>"; };
		5AC234FA1B1595C600862AF0 /* HelloWorld.storyboard */ = {isa = PBXFileReference; fileEncoding = 4; lastKnownFileType = file.storyboard; path = HelloWorld.storyboard; sourceTree = SOURCE_ROOT; };
		5AC234FD1B15960300862AF0 /* HelloWorld.swift */ = {isa = PBXFileReference; fileEncoding = 4; lastKnownFileType = sourcecode.swift; path = HelloWorld.swift; sourceTree = "<group>"; };
/* End PBXFileReference section */

/* Begin PBXFrameworksBuildPhase section */
		5AC234D01B1592EC00862AF0 /* Frameworks */ = {
			isa = PBXFrameworksBuildPhase;
			buildActionMask = 2147483647;
			files = (
			);
			runOnlyForDeploymentPostprocessing = 0;
		};
		5AC234E51B1592EC00862AF0 /* Frameworks */ = {
			isa = PBXFrameworksBuildPhase;
			buildActionMask = 2147483647;
			files = (
			);
			runOnlyForDeploymentPostprocessing = 0;
		};
/* End PBXFrameworksBuildPhase section */

/* Begin PBXGroup section */
		5A5631B71B16B60A001A37A3 /* CountInOut */ = {
			isa = PBXGroup;
			children = (
				5A5631C61B16BC4C001A37A3 /* countInOut.storyboard */,
				5A5631C81B16BC63001A37A3 /* countInOut.swift */,
			);
			name = CountInOut;
			sourceTree = "<group>";
		};
		5A5631CA1B16C549001A37A3 /* CounterTimer */ = {
			isa = PBXGroup;
			children = (
				5A5631CB1B16C683001A37A3 /* CounterTImer.swift */,
				5A5631CD1B16C699001A37A3 /* CounterTimer.storyboard */,
			);
			name = CounterTimer;
			sourceTree = "<group>";
		};
		5A5631CF1B16DDA2001A37A3 /* SimpleTable */ = {
			isa = PBXGroup;
			children = (
				5A5631D01B16DDB5001A37A3 /* ShowTable.storyboard */,
				5A5631D21B16DDC9001A37A3 /* ShowTable.swift */,
			);
			name = SimpleTable;
			sourceTree = "<group>";
		};
		5A5631D41B16F776001A37A3 /* Calculator */ = {
			isa = PBXGroup;
			children = (
				5A5631D81B16F7B2001A37A3 /* storyboard */,
				5A5631D51B16F78F001A37A3 /* Calculator.swift */,
			);
			name = Calculator;
			sourceTree = "<group>";
		};
		5A5631D81B16F7B2001A37A3 /* storyboard */ = {
			isa = PBXGroup;
			children = (
				5A5631D91B16F7C3001A37A3 /* Calculator.storyboard */,
			);
			name = storyboard;
			sourceTree = "<group>";
		};
		5AC234CA1B1592EC00862AF0 = {
			isa = PBXGroup;
			children = (
				5AC234D51B1592EC00862AF0 /* AllSwiftApps */,
				5AC234EB1B1592EC00862AF0 /* AllSwiftAppsTests */,
				5AC234D41B1592EC00862AF0 /* Products */,
			);
			sourceTree = "<group>";
		};
		5AC234D41B1592EC00862AF0 /* Products */ = {
			isa = PBXGroup;
			children = (
				5AC234D31B1592EC00862AF0 /* AllSwiftApps.app */,
				5AC234E81B1592EC00862AF0 /* AllSwiftAppsTests.xctest */,
			);
			name = Products;
			sourceTree = "<group>";
		};
		5AC234D51B1592EC00862AF0 /* AllSwiftApps */ = {
			isa = PBXGroup;
			children = (
				5A5631D41B16F776001A37A3 /* Calculator */,
				5A5631CF1B16DDA2001A37A3 /* SimpleTable */,
				5A5631CA1B16C549001A37A3 /* CounterTimer */,
				5A5631B71B16B60A001A37A3 /* CountInOut */,
				5AC234FC1B1595D500862AF0 /* HelloWorld */,
				5AC234D81B1592EC00862AF0 /* AppDelegate.swift */,
				5AC234DA1B1592EC00862AF0 /* ViewController.swift */,
				5AC234DC1B1592EC00862AF0 /* Main.storyboard */,
				5AC234DF1B1592EC00862AF0 /* Images.xcassets */,
				5AC234E11B1592EC00862AF0 /* LaunchScreen.xib */,
				5AC234D61B1592EC00862AF0 /* Supporting Files */,
			);
			path = AllSwiftApps;
			sourceTree = "<group>";
		};
		5AC234D61B1592EC00862AF0 /* Supporting Files */ = {
			isa = PBXGroup;
			children = (
				5AC234D71B1592EC00862AF0 /* Info.plist */,
			);
			name = "Supporting Files";
			sourceTree = "<group>";
		};
		5AC234EB1B1592EC00862AF0 /* AllSwiftAppsTests */ = {
			isa = PBXGroup;
			children = (
				5AC234EE1B1592EC00862AF0 /* AllSwiftAppsTests.swift */,
				5AC234EC1B1592EC00862AF0 /* Supporting Files */,
			);
			path = AllSwiftAppsTests;
			sourceTree = "<group>";
		};
		5AC234EC1B1592EC00862AF0 /* Supporting Files */ = {
			isa = PBXGroup;
			children = (
				5AC234ED1B1592EC00862AF0 /* Info.plist */,
			);
			name = "Supporting Files";
			sourceTree = "<group>";
		};
		5AC234FC1B1595D500862AF0 /* HelloWorld */ = {
			isa = PBXGroup;
			children = (
				5AC234FA1B1595C600862AF0 /* HelloWorld.storyboard */,
				5AC234FD1B15960300862AF0 /* HelloWorld.swift */,
			);
			name = HelloWorld;
			sourceTree = "<group>";
		};
/* End PBXGroup section */

/* Begin PBXNativeTarget section */
		5AC234D21B1592EC00862AF0 /* AllSwiftApps */ = {
			isa = PBXNativeTarget;
			buildConfigurationList = 5AC234F21B1592EC00862AF0 /* Build configuration list for PBXNativeTarget "AllSwiftApps" */;
			buildPhases = (
				5AC234CF1B1592EC00862AF0 /* Sources */,
				5AC234D01B1592EC00862AF0 /* Frameworks */,
				5AC234D11B1592EC00862AF0 /* Resources */,
			);
			buildRules = (
			);
			dependencies = (
			);
			name = AllSwiftApps;
			productName = AllSwiftApps;
			productReference = 5AC234D31B1592EC00862AF0 /* AllSwiftApps.app */;
			productType = "com.apple.product-type.application";
		};
		5AC234E71B1592EC00862AF0 /* AllSwiftAppsTests */ = {
			isa = PBXNativeTarget;
			buildConfigurationList = 5AC234F51B1592EC00862AF0 /* Build configuration list for PBXNativeTarget "AllSwiftAppsTests" */;
			buildPhases = (
				5AC234E41B1592EC00862AF0 /* Sources */,
				5AC234E51B1592EC00862AF0 /* Frameworks */,
				5AC234E61B1592EC00862AF0 /* Resources */,
			);
			buildRules = (
			);
			dependencies = (
				5AC234EA1B1592EC00862AF0 /* PBXTargetDependency */,
			);
			name = AllSwiftAppsTests;
			productName = AllSwiftAppsTests;
			productReference = 5AC234E81B1592EC00862AF0 /* AllSwiftAppsTests.xctest */;
			productType = "com.apple.product-type.bundle.unit-test";
		};
/* End PBXNativeTarget section */

/* Begin PBXProject section */
		5AC234CB1B1592EC00862AF0 /* Project object */ = {
			isa = PBXProject;
			attributes = {
				LastUpgradeCheck = 0630;
				ORGANIZATIONNAME = "Thota, Surendra Babu";
				TargetAttributes = {
					5AC234D21B1592EC00862AF0 = {
						CreatedOnToolsVersion = 6.3;
					};
					5AC234E71B1592EC00862AF0 = {
						CreatedOnToolsVersion = 6.3;
						TestTargetID = 5AC234D21B1592EC00862AF0;
					};
				};
			};
			buildConfigurationList = 5AC234CE1B1592EC00862AF0 /* Build configuration list for PBXProject "AllSwiftApps" */;
			compatibilityVersion = "Xcode 3.2";
			developmentRegion = English;
			hasScannedForEncodings = 0;
			knownRegions = (
				en,
				Base,
			);
			mainGroup = 5AC234CA1B1592EC00862AF0;
			productRefGroup = 5AC234D41B1592EC00862AF0 /* Products */;
			projectDirPath = "";
			projectRoot = "";
			targets = (
				5AC234D21B1592EC00862AF0 /* AllSwiftApps */,
				5AC234E71B1592EC00862AF0 /* AllSwiftAppsTests */,
			);
		};
/* End PBXProject section */

/* Begin PBXResourcesBuildPhase section */
		5AC234D11B1592EC00862AF0 /* Resources */ = {
			isa = PBXResourcesBuildPhase;
			buildActionMask = 2147483647;
			files = (
				5A5631D11B16DDB5001A37A3 /* ShowTable.storyboard in Resources */,
				5AC234FB1B1595C600862AF0 /* HelloWorld.storyboard in Resources */,
				5A5631CE1B16C699001A37A3 /* CounterTimer.storyboard in Resources */,
				5AC234DE1B1592EC00862AF0 /* Main.storyboard in Resources */,
				5AC234E31B1592EC00862AF0 /* LaunchScreen.xib in Resources */,
				5AC234E01B1592EC00862AF0 /* Images.xcassets in Resources */,
				5A5631DA1B16F7C3001A37A3 /* Calculator.storyboard in Resources */,
				5A5631C71B16BC4C001A37A3 /* countInOut.storyboard in Resources */,
			);
			runOnlyForDeploymentPostprocessing = 0;
		};
		5AC234E61B1592EC00862AF0 /* Resources */ = {
			isa = PBXResourcesBuildPhase;
			buildActionMask = 2147483647;
			files = (
			);
			runOnlyForDeploymentPostprocessing = 0;
		};
/* End PBXResourcesBuildPhase section */

/* Begin PBXSourcesBuildPhase section */
		5AC234CF1B1592EC00862AF0 /* Sources */ = {
			isa = PBXSourcesBuildPhase;
			buildActionMask = 2147483647;
			files = (
				5AC234DB1B1592EC00862AF0 /* ViewController.swift in Sources */,
				5AC234FE1B15960300862AF0 /* HelloWorld.swift in Sources */,
				5A5631D61B16F78F001A37A3 /* Calculator.swift in Sources */,
				5AC234D91B1592EC00862AF0 /* AppDelegate.swift in Sources */,
				5A5631D31B16DDC9001A37A3 /* ShowTable.swift in Sources */,
				5A5631CC1B16C683001A37A3 /* CounterTImer.swift in Sources */,
				5A5631C91B16BC63001A37A3 /* countInOut.swift in Sources */,
			);
			runOnlyForDeploymentPostprocessing = 0;
		};
		5AC234E41B1592EC00862AF0 /* Sources */ = {
			isa = PBXSourcesBuildPhase;
			buildActionMask = 2147483647;
			files = (
				5AC234EF1B1592EC00862AF0 /* AllSwiftAppsTests.swift in Sources */,
			);
			runOnlyForDeploymentPostprocessing = 0;
		};
/* End PBXSourcesBuildPhase section */

/* Begin PBXTargetDependency section */
		5AC234EA1B1592EC00862AF0 /* PBXTargetDependency */ = {
			isa = PBXTargetDependency;
			target = 5AC234D21B1592EC00862AF0 /* AllSwiftApps */;
			targetProxy = 5AC234E91B1592EC00862AF0 /* PBXContainerItemProxy */;
		};
/* End PBXTargetDependency section */

/* Begin PBXVariantGroup section */
		5AC234DC1B1592EC00862AF0 /* Main.storyboard */ = {
			isa = PBXVariantGroup;
			children = (
				5AC234DD1B1592EC00862AF0 /* Base */,
			);
			name = Main.storyboard;
			sourceTree = "<group>";
		};
		5AC234E11B1592EC00862AF0 /* LaunchScreen.xib */ = {
			isa = PBXVariantGroup;
			children = (
				5AC234E21B1592EC00862AF0 /* Base */,
			);
			name = LaunchScreen.xib;
			sourceTree = "<group>";
		};
/* End PBXVariantGroup section */

/* Begin XCBuildConfiguration section */
		5AC234F01B1592EC00862AF0 /* Debug */ = {
			isa = XCBuildConfiguration;
			buildSettings = {
				ALWAYS_SEARCH_USER_PATHS = NO;
				CLANG_CXX_LANGUAGE_STANDARD = "gnu++0x";
				CLANG_CXX_LIBRARY = "libc++";
				CLANG_ENABLE_MODULES = YES;
				CLANG_ENABLE_OBJC_ARC = YES;
				CLANG_WARN_BOOL_CONVERSION = YES;
				CLANG_WARN_CONSTANT_CONVERSION = YES;
				CLANG_WARN_DIRECT_OBJC_ISA_USAGE = YES_ERROR;
				CLANG_WARN_EMPTY_BODY = YES;
				CLANG_WARN_ENUM_CONVERSION = YES;
				CLANG_WARN_INT_CONVERSION = YES;
				CLANG_WARN_OBJC_ROOT_CLASS = YES_ERROR;
				CLANG_WARN_UNREACHABLE_CODE = YES;
				CLANG_WARN__DUPLICATE_METHOD_MATCH = YES;
				"CODE_SIGN_IDENTITY[sdk=iphoneos*]" = "iPhone Developer";
				COPY_PHASE_STRIP = NO;
				DEBUG_INFORMATION_FORMAT = "dwarf-with-dsym";
				ENABLE_STRICT_OBJC_MSGSEND = YES;
				GCC_C_LANGUAGE_STANDARD = gnu99;
				GCC_DYNAMIC_NO_PIC = NO;
				GCC_NO_COMMON_BLOCKS = YES;
				GCC_OPTIMIZATION_LEVEL = 0;
				GCC_PREPROCESSOR_DEFINITIONS = (
					"DEBUG=1",
					"$(inherited)",
				);
				GCC_SYMBOLS_PRIVATE_EXTERN = NO;
				GCC_WARN_64_TO_32_BIT_CONVERSION = YES;
				GCC_WARN_ABOUT_RETURN_TYPE = YES_ERROR;
				GCC_WARN_UNDECLARED_SELECTOR = YES;
				GCC_WARN_UNINITIALIZED_AUTOS = YES_AGGRESSIVE;
				GCC_WARN_UNUSED_FUNCTION = YES;
				GCC_WARN_UNUSED_VARIABLE = YES;
				IPHONEOS_DEPLOYMENT_TARGET = 8.3;
				MTL_ENABLE_DEBUG_INFO = YES;
				ONLY_ACTIVE_ARCH = YES;
				SDKROOT = iphoneos;
				SWIFT_OPTIMIZATION_LEVEL = "-Onone";
			};
			name = Debug;
		};
		5AC234F11B1592EC00862AF0 /* Release */ = {
			isa = XCBuildConfiguration;
			buildSettings = {
				ALWAYS_SEARCH_USER_PATHS = NO;
				CLANG_CXX_LANGUAGE_STANDARD = "gnu++0x";
				CLANG_CXX_LIBRARY = "libc++";
				CLANG_ENABLE_MODULES = YES;
				CLANG_ENABLE_OBJC_ARC = YES;
				CLANG_WARN_BOOL_CONVERSION = YES;
				CLANG_WARN_CONSTANT_CONVERSION = YES;
				CLANG_WARN_DIRECT_OBJC_ISA_USAGE = YES_ERROR;
				CLANG_WARN_EMPTY_BODY = YES;
				CLANG_WARN_ENUM_CONVERSION = YES;
				CLANG_WARN_INT_CONVERSION = YES;
				CLANG_WARN_OBJC_ROOT_CLASS = YES_ERROR;
				CLANG_WARN_UNREACHABLE_CODE = YES;
				CLANG_WARN__DUPLICATE_METHOD_MATCH = YES;
				"CODE_SIGN_IDENTITY[sdk=iphoneos*]" = "iPhone Developer";
				COPY_PHASE_STRIP = NO;
				DEBUG_INFORMATION_FORMAT = "dwarf-with-dsym";
				ENABLE_NS_ASSERTIONS = NO;
				ENABLE_STRICT_OBJC_MSGSEND = YES;
				GCC_C_LANGUAGE_STANDARD = gnu99;
				GCC_NO_COMMON_BLOCKS = YES;
				GCC_WARN_64_TO_32_BIT_CONVERSION = YES;
				GCC_WARN_ABOUT_RETURN_TYPE = YES_ERROR;
				GCC_WARN_UNDECLARED_SELECTOR = YES;
				GCC_WARN_UNINITIALIZED_AUTOS = YES_AGGRESSIVE;
				GCC_WARN_UNUSED_FUNCTION = YES;
				GCC_WARN_UNUSED_VARIABLE = YES;
				IPHONEOS_DEPLOYMENT_TARGET = 8.3;
				MTL_ENABLE_DEBUG_INFO = NO;
				SDKROOT = iphoneos;
				VALIDATE_PRODUCT = YES;
			};
			name = Release;
		};
		5AC234F31B1592EC00862AF0 /* Debug */ = {
			isa = XCBuildConfiguration;
			buildSettings = {
				ASSETCATALOG_COMPILER_APPICON_NAME = AppIcon;
				INFOPLIST_FILE = AllSwiftApps/Info.plist;
				LD_RUNPATH_SEARCH_PATHS = "$(inherited) @executable_path/Frameworks";
				PRODUCT_NAME = "$(TARGET_NAME)";
			};
			name = Debug;
		};
		5AC234F41B1592EC00862AF0 /* Release */ = {
			isa = XCBuildConfiguration;
			buildSettings = {
				ASSETCATALOG_COMPILER_APPICON_NAME = AppIcon;
				INFOPLIST_FILE = AllSwiftApps/Info.plist;
				LD_RUNPATH_SEARCH_PATHS = "$(inherited) @executable_path/Frameworks";
				PRODUCT_NAME = "$(TARGET_NAME)";
			};
			name = Release;
		};
		5AC234F61B1592EC00862AF0 /* Debug */ = {
			isa = XCBuildConfiguration;
			buildSettings = {
				BUNDLE_LOADER = "$(TEST_HOST)";
				FRAMEWORK_SEARCH_PATHS = (
					"$(SDKROOT)/Developer/Library/Frameworks",
					"$(inherited)",
				);
				GCC_PREPROCESSOR_DEFINITIONS = (
					"DEBUG=1",
					"$(inherited)",
				);
				INFOPLIST_FILE = AllSwiftAppsTests/Info.plist;
				LD_RUNPATH_SEARCH_PATHS = "$(inherited) @executable_path/Frameworks @loader_path/Frameworks";
				PRODUCT_NAME = "$(TARGET_NAME)";
				TEST_HOST = "$(BUILT_PRODUCTS_DIR)/AllSwiftApps.app/AllSwiftApps";
			};
			name = Debug;
		};
		5AC234F71B1592EC00862AF0 /* Release */ = {
			isa = XCBuildConfiguration;
			buildSettings = {
				BUNDLE_LOADER = "$(TEST_HOST)";
				FRAMEWORK_SEARCH_PATHS = (
					"$(SDKROOT)/Developer/Library/Frameworks",
					"$(inherited)",
				);
				INFOPLIST_FILE = AllSwiftAppsTests/Info.plist;
				LD_RUNPATH_SEARCH_PATHS = "$(inherited) @executable_path/Frameworks @loader_path/Frameworks";
				PRODUCT_NAME = "$(TARGET_NAME)";
				TEST_HOST = "$(BUILT_PRODUCTS_DIR)/AllSwiftApps.app/AllSwiftApps";
			};
			name = Release;
		};
/* End XCBuildConfiguration section */

/* Begin XCConfigurationList section */
		5AC234CE1B1592EC00862AF0 /* Build configuration list for PBXProject "AllSwiftApps" */ = {
			isa = XCConfigurationList;
			buildConfigurations = (
				5AC234F01B1592EC00862AF0 /* Debug */,
				5AC234F11B1592EC00862AF0 /* Release */,
			);
			defaultConfigurationIsVisible = 0;
			defaultConfigurationName = Release;
		};
		5AC234F21B1592EC00862AF0 /* Build configuration list for PBXNativeTarget "AllSwiftApps" */ = {
			isa = XCConfigurationList;
			buildConfigurations = (
				5AC234F31B1592EC00862AF0 /* Debug */,
				5AC234F41B1592EC00862AF0 /* Release */,
			);
			defaultConfigurationIsVisible = 0;
			defaultConfigurationName = Release;
		};
		5AC234F51B1592EC00862AF0 /* Build configuration list for PBXNativeTarget "AllSwiftAppsTests" */ = {
			isa = XCConfigurationList;
			buildConfigurations = (
				5AC234F61B1592EC00862AF0 /* Debug */,
				5AC234F71B1592EC00862AF0 /* Release */,
			);
			defaultConfigurationIsVisible = 0;
			defaultConfigurationName = Release;
		};
/* End XCConfigurationList section */
	};
	rootObject = 5AC234CB1B1592EC00862AF0 /* Project object */;
}
